
Microsoft Visual Studio Solution File, Format Version 12.00
# Visual Studio Version 17
VisualStudioVersion = 17.1.32210.238
MinimumVisualStudioVersion = 10.0.40219.1
Project("{FAE04EC0-301F-11D3-BF4B-00C04F79EFBC}") = "Controle-Estagio", "Controle-Estagio\Controle-Estagio.csproj", "{7CD9A4B5-0BC9-4571-9B06-F89DF6352071}"
EndProject
Global
	GlobalSection(SolutionConfigurationPlatforms) = preSolution
		Debug|Any CPU = Debug|Any CPU
		Release|Any CPU = Release|Any CPU
	EndGlobalSection
	GlobalSection(ProjectConfigurationPlatforms) = postSolution
		{7CD9A4B5-0BC9-4571-9B06-F89DF6352071}.Debug|Any CPU.ActiveCfg = Debug|Any CPU
		{7CD9A4B5-0BC9-4571-9B06-F89DF6352071}.Debug|Any CPU.Build.0 = Debug|Any CPU
		{7CD9A4B5-0BC9-4571-9B06-F89DF6352071}.Release|Any CPU.ActiveCfg = Release|Any CPU
		{7CD9A4B5-0BC9-4571-9B06-F89DF6352071}.Release|Any CPU.Build.0 = Release|Any CPU
	EndGlobalSection
	GlobalSection(SolutionProperties) = preSolution
		HideSolutionNode = FALSE
	EndGlobalSection
	GlobalSection(ExtensibilityGlobals) = postSolution
		SolutionGuid = {9E68317B-860E-4D9B-9DE5-FEC1E8948E11}
	EndGlobalSection
EndGlobal
