
Microsoft Visual Studio Solution File, Format Version 12.00
# Visual Studio Version 17
VisualStudioVersion = 17.1.32210.238
MinimumVisualStudioVersion = 10.0.40219.1
Project("{FAE04EC0-301F-11D3-BF4B-00C04F79EFBC}") = "Estagio", "Estagio\Estagio.csproj", "{AF489B0A-A798-46F4-B2A0-12AB394FC6EF}"
EndProject
Global
	GlobalSection(SolutionConfigurationPlatforms) = preSolution
		Debug|Any CPU = Debug|Any CPU
		Release|Any CPU = Release|Any CPU
	EndGlobalSection
	GlobalSection(ProjectConfigurationPlatforms) = postSolution
		{AF489B0A-A798-46F4-B2A0-12AB394FC6EF}.Debug|Any CPU.ActiveCfg = Debug|Any CPU
		{AF489B0A-A798-46F4-B2A0-12AB394FC6EF}.Debug|Any CPU.Build.0 = Debug|Any CPU
		{AF489B0A-A798-46F4-B2A0-12AB394FC6EF}.Release|Any CPU.ActiveCfg = Release|Any CPU
		{AF489B0A-A798-46F4-B2A0-12AB394FC6EF}.Release|Any CPU.Build.0 = Release|Any CPU
	EndGlobalSection
	GlobalSection(SolutionProperties) = preSolution
		HideSolutionNode = FALSE
	EndGlobalSection
	GlobalSection(ExtensibilityGlobals) = postSolution
		SolutionGuid = {28CC368C-E708-460D-B811-CF55C8366A51}
	EndGlobalSection
EndGlobal
